label: Winkelwagenblok
display:
  default:
    display_title: Master
    display_options:
      exposed_form:
        options:
          submit_button: Toepassen
          reset_button_label: 'Opnieuw instellen'
          exposed_sorts_label: 'Sorteren op'
          sort_asc_label: Oplopend
          sort_desc_label: Aflopend
      fields:
        quantity:
          separator: ', '
        title:
          separator: ', '
        total_price__number:
          separator: ', '
      arguments:
        order_id:
          exception:
            title: Alle
